
Microsoft Visual Studio Solution File, Format Version 12.00
# Visual Studio Version 17
VisualStudioVersion = 17.7.34031.279
MinimumVisualStudioVersion = 10.0.40219.1
Project("{FAE04EC0-301F-11D3-BF4B-00C04F79EFBC}") = "Венгерская нотация", "Венгерская нотация\Венгерская нотация.csproj", "{A84091E3-42CB-449E-8A6F-2135BD9BA301}"
EndProject
Global
	GlobalSection(SolutionConfigurationPlatforms) = preSolution
		Debug|Any CPU = Debug|Any CPU
		Release|Any CPU = Release|Any CPU
	EndGlobalSection
	GlobalSection(ProjectConfigurationPlatforms) = postSolution
		{A84091E3-42CB-449E-8A6F-2135BD9BA301}.Debug|Any CPU.ActiveCfg = Debug|Any CPU
		{A84091E3-42CB-449E-8A6F-2135BD9BA301}.Debug|Any CPU.Build.0 = Debug|Any CPU
		{A84091E3-42CB-449E-8A6F-2135BD9BA301}.Release|Any CPU.ActiveCfg = Release|Any CPU
		{A84091E3-42CB-449E-8A6F-2135BD9BA301}.Release|Any CPU.Build.0 = Release|Any CPU
	EndGlobalSection
	GlobalSection(SolutionProperties) = preSolution
		HideSolutionNode = FALSE
	EndGlobalSection
	GlobalSection(ExtensibilityGlobals) = postSolution
		SolutionGuid = {E04EC783-0E12-4A82-B3FB-64184D4C5C5E}
	EndGlobalSection
EndGlobal
